// !$*UTF8*$!
{
	archiveVersion = 1;
	classes = {
	};
	objectVersion = 46;
	objects = {

/* Begin PBXBuildFile section */
		42C07D62A7DFF48856C27FF9 /* Pods_SlugRoute.framework in Frameworks */ = {isa = PBXBuildFile; fileRef = 88152EAC8DA08C7A7BFC6E6D /* Pods_SlugRoute.framework */; settings = {ATTRIBUTES = (Weak, ); }; };
		64A903C20085C7B4592C5361 /* Pods.framework in Frameworks */ = {isa = PBXBuildFile; fileRef = 6C2CD37949B3FD61EB249C21 /* Pods.framework */; settings = {ATTRIBUTES = (Weak, ); }; };
		B84152E31B13CAE10075E885 /* AppDelegate.swift in Sources */ = {isa = PBXBuildFile; fileRef = B84152E21B13CAE10075E885 /* AppDelegate.swift */; };
		B84152EC1B13CAE10075E885 /* Images.xcassets in Resources */ = {isa = PBXBuildFile; fileRef = B84152EB1B13CAE10075E885 /* Images.xcassets */; };
		B84152FB1B13CAE10075E885 /* SlugRouteTests.swift in Sources */ = {isa = PBXBuildFile; fileRef = B84152FA1B13CAE10075E885 /* SlugRouteTests.swift */; };
		B84153051B13CE8F0075E885 /* EventsNavigationController.swift in Sources */ = {isa = PBXBuildFile; fileRef = B84153041B13CE8F0075E885 /* EventsNavigationController.swift */; };
		B84153071B13CEAC0075E885 /* EventsViewController.swift in Sources */ = {isa = PBXBuildFile; fileRef = B84153061B13CEAC0075E885 /* EventsViewController.swift */; };
		B84153091B13CEF40075E885 /* EventTableCell.swift in Sources */ = {isa = PBXBuildFile; fileRef = B84153081B13CEF40075E885 /* EventTableCell.swift */; };
		B841530B1B13D0690075E885 /* Event.swift in Sources */ = {isa = PBXBuildFile; fileRef = B841530A1B13D0690075E885 /* Event.swift */; };
		DA0295221B7F333A0018FF48 /* Main.storyboard in Resources */ = {isa = PBXBuildFile; fileRef = B84152E81B13CAE10075E885 /* Main.storyboard */; };
		DA3DF0851B92715F00E67952 /* dining_hall.png in Resources */ = {isa = PBXBuildFile; fileRef = DA3DF0841B92715F00E67952 /* dining_hall.png */; };
		DA3DF08B1B9272DE00E67952 /* cafe.png in Resources */ = {isa = PBXBuildFile; fileRef = DA3DF0861B9272DD00E67952 /* cafe.png */; };
		DA3DF08C1B9272DE00E67952 /* classroom.png in Resources */ = {isa = PBXBuildFile; fileRef = DA3DF0871B9272DE00E67952 /* classroom.png */; };
		DA3DF08D1B9272DE00E67952 /* computer_lab.png in Resources */ = {isa = PBXBuildFile; fileRef = DA3DF0881B9272DE00E67952 /* computer_lab.png */; };
		DA3DF08E1B9272DE00E67952 /* library.png in Resources */ = {isa = PBXBuildFile; fileRef = DA3DF0891B9272DE00E67952 /* library.png */; };
		DA3DF08F1B9272DE00E67952 /* loop_bus.png in Resources */ = {isa = PBXBuildFile; fileRef = DA3DF08A1B9272DE00E67952 /* loop_bus.png */; };
		DA4CA12E1B73458900DA6A94 /* MapNavigationController.swift in Sources */ = {isa = PBXBuildFile; fileRef = DA4CA12D1B73458900DA6A94 /* MapNavigationController.swift */; };
		DA4CA1301B73462600DA6A94 /* MapViewController.swift in Sources */ = {isa = PBXBuildFile; fileRef = DA4CA12F1B73462600DA6A94 /* MapViewController.swift */; };
		DA4CA1561B740A3C00DA6A94 /* AVFoundation.framework in Frameworks */ = {isa = PBXBuildFile; fileRef = DA4CA1551B740A3C00DA6A94 /* AVFoundation.framework */; };
		DA4CA1581B740A4600DA6A94 /* CoreData.framework in Frameworks */ = {isa = PBXBuildFile; fileRef = DA4CA1571B740A4600DA6A94 /* CoreData.framework */; };
		DA4CA15A1B740A5900DA6A94 /* CoreLocation.framework in Frameworks */ = {isa = PBXBuildFile; fileRef = DA4CA1591B740A5900DA6A94 /* CoreLocation.framework */; };
		DA4CA15C1B740A6500DA6A94 /* CoreText.framework in Frameworks */ = {isa = PBXBuildFile; fileRef = DA4CA15B1B740A6500DA6A94 /* CoreText.framework */; };
		DA4CA15E1B740A7800DA6A94 /* GLKit.framework in Frameworks */ = {isa = PBXBuildFile; fileRef = DA4CA15D1B740A7800DA6A94 /* GLKit.framework */; };
		DA4CA1601B740A8400DA6A94 /* ImageIO.framework in Frameworks */ = {isa = PBXBuildFile; fileRef = DA4CA15F1B740A8400DA6A94 /* ImageIO.framework */; };
		DA4CA1621B740A9900DA6A94 /* libc++.dylib in Frameworks */ = {isa = PBXBuildFile; fileRef = DA4CA1611B740A9900DA6A94 /* libc++.dylib */; };
		DA4CA1641B740AAE00DA6A94 /* libicucore.dylib in Frameworks */ = {isa = PBXBuildFile; fileRef = DA4CA1631B740AAE00DA6A94 /* libicucore.dylib */; };
		DA4CA1661B740ABA00DA6A94 /* libz.dylib in Frameworks */ = {isa = PBXBuildFile; fileRef = DA4CA1651B740ABA00DA6A94 /* libz.dylib */; };
		DA4CA1681B740ACA00DA6A94 /* OpenGLES.framework in Frameworks */ = {isa = PBXBuildFile; fileRef = DA4CA1671B740ACA00DA6A94 /* OpenGLES.framework */; };
		DA4CA16A1B740AD900DA6A94 /* QuartzCore.framework in Frameworks */ = {isa = PBXBuildFile; fileRef = DA4CA1691B740AD900DA6A94 /* QuartzCore.framework */; };
		DA4CA16C1B740AE500DA6A94 /* SystemConfiguration.framework in Frameworks */ = {isa = PBXBuildFile; fileRef = DA4CA16B1B740AE500DA6A94 /* SystemConfiguration.framework */; };
		DA4FD7981B796C5C00F05253 /* GoogleMaps.framework in Frameworks */ = {isa = PBXBuildFile; fileRef = DA4FD7971B796C5C00F05253 /* GoogleMaps.framework */; };
		DA4FD79C1B79702D00F05253 /* GoogleMaps.bundle in Resources */ = {isa = PBXBuildFile; fileRef = DA4FD79B1B79702D00F05253 /* GoogleMaps.bundle */; };
		DA5EB4511B6CBF4700991145 /* SocialViewController.swift in Sources */ = {isa = PBXBuildFile; fileRef = DA5EB4501B6CBF4700991145 /* SocialViewController.swift */; };
		DA608BBE1B6C23F000B22EF0 /* SwiftyJSON.swift in Sources */ = {isa = PBXBuildFile; fileRef = DA608BBD1B6C23F000B22EF0 /* SwiftyJSON.swift */; };
		DA608BC31B6C258600B22EF0 /* Fabric.framework in Frameworks */ = {isa = PBXBuildFile; fileRef = DA608BBF1B6C258600B22EF0 /* Fabric.framework */; };
		DA608BC41B6C258600B22EF0 /* TwitterKit.framework in Frameworks */ = {isa = PBXBuildFile; fileRef = DA608BC01B6C258600B22EF0 /* TwitterKit.framework */; };
		DA608BC51B6C258600B22EF0 /* TwitterKitResources.bundle in Resources */ = {isa = PBXBuildFile; fileRef = DA608BC11B6C258600B22EF0 /* TwitterKitResources.bundle */; };
		DA608BC61B6C258600B22EF0 /* TwitterCore.framework in Frameworks */ = {isa = PBXBuildFile; fileRef = DA608BC21B6C258600B22EF0 /* TwitterCore.framework */; };
		DA6ADB3D1B6C6E6F00BD3E8B /* TwitterLoginViewController.swift in Sources */ = {isa = PBXBuildFile; fileRef = DA6ADB3C1B6C6E6F00BD3E8B /* TwitterLoginViewController.swift */; };
		DA6ADB451B6C83E900BD3E8B /* InstagramLoginViewController.swift in Sources */ = {isa = PBXBuildFile; fileRef = DA6ADB441B6C83E900BD3E8B /* InstagramLoginViewController.swift */; };
		DA9869E01B8458840013E199 /* InstagramPost.swift in Sources */ = {isa = PBXBuildFile; fileRef = DA9869DF1B8458840013E199 /* InstagramPost.swift */; };
		DA9869E21B845BF60013E199 /* InstagramTableCell.swift in Sources */ = {isa = PBXBuildFile; fileRef = DA9869E11B845BF60013E199 /* InstagramTableCell.swift */; };
		DA9B84ED1B7DBEDA00246191 /* TwitterSearchTimelineViewController.swift in Sources */ = {isa = PBXBuildFile; fileRef = DA9B84EC1B7DBEDA00246191 /* TwitterSearchTimelineViewController.swift */; };
		DAA5E4AE1B6D71390066BD56 /* SocialNavigationController.swift in Sources */ = {isa = PBXBuildFile; fileRef = DAA5E4AD1B6D71390066BD56 /* SocialNavigationController.swift */; };
		DAA5E4B01B6D73320066BD56 /* TabBarController.swift in Sources */ = {isa = PBXBuildFile; fileRef = DAA5E4AF1B6D73320066BD56 /* TabBarController.swift */; };
/* End PBXBuildFile section */

/* Begin PBXContainerItemProxy section */
		B84152F51B13CAE10075E885 /* PBXContainerItemProxy */ = {
			isa = PBXContainerItemProxy;
			containerPortal = B84152D51B13CAE10075E885 /* Project object */;
			proxyType = 1;
			remoteGlobalIDString = B84152DC1B13CAE10075E885;
			remoteInfo = SlugRoute;
		};
/* End PBXContainerItemProxy section */

/* Begin PBXFileReference section */
		6C2CD37949B3FD61EB249C21 /* Pods.framework */ = {isa = PBXFileReference; explicitFileType = wrapper.framework; includeInIndex = 0; path = Pods.framework; sourceTree = BUILT_PRODUCTS_DIR; };
		88152EAC8DA08C7A7BFC6E6D /* Pods_SlugRoute.framework */ = {isa = PBXFileReference; explicitFileType = wrapper.framework; includeInIndex = 0; path = Pods_SlugRoute.framework; sourceTree = BUILT_PRODUCTS_DIR; };
		89E5CA7120861FEA7E143583 /* Pods.debug.xcconfig */ = {isa = PBXFileReference; includeInIndex = 1; lastKnownFileType = text.xcconfig; name = Pods.debug.xcconfig; path = "Pods/Target Support Files/Pods/Pods.debug.xcconfig"; sourceTree = "<group>"; };
		B84152DD1B13CAE10075E885 /* SlugRoute.app */ = {isa = PBXFileReference; explicitFileType = wrapper.application; includeInIndex = 0; path = SlugRoute.app; sourceTree = BUILT_PRODUCTS_DIR; };
		B84152E11B13CAE10075E885 /* Info.plist */ = {isa = PBXFileReference; lastKnownFileType = text.plist.xml; path = Info.plist; sourceTree = "<group>"; };
		B84152E21B13CAE10075E885 /* AppDelegate.swift */ = {isa = PBXFileReference; lastKnownFileType = sourcecode.swift; path = AppDelegate.swift; sourceTree = "<group>"; };
		B84152E91B13CAE10075E885 /* Base */ = {isa = PBXFileReference; lastKnownFileType = file.storyboard; name = Base; path = Base.lproj/Main.storyboard; sourceTree = "<group>"; };
		B84152EB1B13CAE10075E885 /* Images.xcassets */ = {isa = PBXFileReference; lastKnownFileType = folder.assetcatalog; path = Images.xcassets; sourceTree = "<group>"; };
		B84152EE1B13CAE10075E885 /* Base */ = {isa = PBXFileReference; lastKnownFileType = file.xib; name = Base; path = Base.lproj/LaunchScreen.xib; sourceTree = "<group>"; };
		B84152F41B13CAE10075E885 /* SlugRouteTests.xctest */ = {isa = PBXFileReference; explicitFileType = wrapper.cfbundle; includeInIndex = 0; path = SlugRouteTests.xctest; sourceTree = BUILT_PRODUCTS_DIR; };
		B84152F91B13CAE10075E885 /* Info.plist */ = {isa = PBXFileReference; lastKnownFileType = text.plist.xml; path = Info.plist; sourceTree = "<group>"; };
		B84152FA1B13CAE10075E885 /* SlugRouteTests.swift */ = {isa = PBXFileReference; lastKnownFileType = sourcecode.swift; path = SlugRouteTests.swift; sourceTree = "<group>"; };
		B84153041B13CE8F0075E885 /* EventsNavigationController.swift */ = {isa = PBXFileReference; fileEncoding = 4; lastKnownFileType = sourcecode.swift; path = EventsNavigationController.swift; sourceTree = "<group>"; };
		B84153061B13CEAC0075E885 /* EventsViewController.swift */ = {isa = PBXFileReference; fileEncoding = 4; lastKnownFileType = sourcecode.swift; path = EventsViewController.swift; sourceTree = "<group>"; };
		B84153081B13CEF40075E885 /* EventTableCell.swift */ = {isa = PBXFileReference; fileEncoding = 4; lastKnownFileType = sourcecode.swift; path = EventTableCell.swift; sourceTree = "<group>"; };
		B841530A1B13D0690075E885 /* Event.swift */ = {isa = PBXFileReference; fileEncoding = 4; lastKnownFileType = sourcecode.swift; path = Event.swift; sourceTree = "<group>"; };
		C170067B3706402C0175634A /* Pods.release.xcconfig */ = {isa = PBXFileReference; includeInIndex = 1; lastKnownFileType = text.xcconfig; name = Pods.release.xcconfig; path = "Pods/Target Support Files/Pods/Pods.release.xcconfig"; sourceTree = "<group>"; };
		DA3DF0841B92715F00E67952 /* dining_hall.png */ = {isa = PBXFileReference; lastKnownFileType = image.png; name = dining_hall.png; path = Images.xcassets/map.imageset/dining_hall.png; sourceTree = "<group>"; };
		DA3DF0861B9272DD00E67952 /* cafe.png */ = {isa = PBXFileReference; lastKnownFileType = image.png; name = cafe.png; path = Images.xcassets/map.imageset/cafe.png; sourceTree = "<group>"; };
		DA3DF0871B9272DE00E67952 /* classroom.png */ = {isa = PBXFileReference; lastKnownFileType = image.png; name = classroom.png; path = Images.xcassets/map.imageset/classroom.png; sourceTree = "<group>"; };
		DA3DF0881B9272DE00E67952 /* computer_lab.png */ = {isa = PBXFileReference; lastKnownFileType = image.png; name = computer_lab.png; path = Images.xcassets/map.imageset/computer_lab.png; sourceTree = "<group>"; };
		DA3DF0891B9272DE00E67952 /* library.png */ = {isa = PBXFileReference; lastKnownFileType = image.png; name = library.png; path = Images.xcassets/map.imageset/library.png; sourceTree = "<group>"; };
		DA3DF08A1B9272DE00E67952 /* loop_bus.png */ = {isa = PBXFileReference; lastKnownFileType = image.png; name = loop_bus.png; path = Images.xcassets/map.imageset/loop_bus.png; sourceTree = "<group>"; };
		DA4CA12D1B73458900DA6A94 /* MapNavigationController.swift */ = {isa = PBXFileReference; fileEncoding = 4; lastKnownFileType = sourcecode.swift; path = MapNavigationController.swift; sourceTree = "<group>"; };
		DA4CA12F1B73462600DA6A94 /* MapViewController.swift */ = {isa = PBXFileReference; fileEncoding = 4; lastKnownFileType = sourcecode.swift; path = MapViewController.swift; sourceTree = "<group>"; };
		DA4CA1551B740A3C00DA6A94 /* AVFoundation.framework */ = {isa = PBXFileReference; lastKnownFileType = wrapper.framework; name = AVFoundation.framework; path = System/Library/Frameworks/AVFoundation.framework; sourceTree = SDKROOT; };
		DA4CA1571B740A4600DA6A94 /* CoreData.framework */ = {isa = PBXFileReference; lastKnownFileType = wrapper.framework; name = CoreData.framework; path = System/Library/Frameworks/CoreData.framework; sourceTree = SDKROOT; };
		DA4CA1591B740A5900DA6A94 /* CoreLocation.framework */ = {isa = PBXFileReference; lastKnownFileType = wrapper.framework; name = CoreLocation.framework; path = System/Library/Frameworks/CoreLocation.framework; sourceTree = SDKROOT; };
		DA4CA15B1B740A6500DA6A94 /* CoreText.framework */ = {isa = PBXFileReference; lastKnownFileType = wrapper.framework; name = CoreText.framework; path = System/Library/Frameworks/CoreText.framework; sourceTree = SDKROOT; };
		DA4CA15D1B740A7800DA6A94 /* GLKit.framework */ = {isa = PBXFileReference; lastKnownFileType = wrapper.framework; name = GLKit.framework; path = System/Library/Frameworks/GLKit.framework; sourceTree = SDKROOT; };
		DA4CA15F1B740A8400DA6A94 /* ImageIO.framework */ = {isa = PBXFileReference; lastKnownFileType = wrapper.framework; name = ImageIO.framework; path = System/Library/Frameworks/ImageIO.framework; sourceTree = SDKROOT; };
		DA4CA1611B740A9900DA6A94 /* libc++.dylib */ = {isa = PBXFileReference; lastKnownFileType = "compiled.mach-o.dylib"; name = "libc++.dylib"; path = "usr/lib/libc++.dylib"; sourceTree = SDKROOT; };
		DA4CA1631B740AAE00DA6A94 /* libicucore.dylib */ = {isa = PBXFileReference; lastKnownFileType = "compiled.mach-o.dylib"; name = libicucore.dylib; path = usr/lib/libicucore.dylib; sourceTree = SDKROOT; };
		DA4CA1651B740ABA00DA6A94 /* libz.dylib */ = {isa = PBXFileReference; lastKnownFileType = "compiled.mach-o.dylib"; name = libz.dylib; path = usr/lib/libz.dylib; sourceTree = SDKROOT; };
		DA4CA1671B740ACA00DA6A94 /* OpenGLES.framework */ = {isa = PBXFileReference; lastKnownFileType = wrapper.framework; name = OpenGLES.framework; path = System/Library/Frameworks/OpenGLES.framework; sourceTree = SDKROOT; };
		DA4CA1691B740AD900DA6A94 /* QuartzCore.framework */ = {isa = PBXFileReference; lastKnownFileType = wrapper.framework; name = QuartzCore.framework; path = System/Library/Frameworks/QuartzCore.framework; sourceTree = SDKROOT; };
		DA4CA16B1B740AE500DA6A94 /* SystemConfiguration.framework */ = {isa = PBXFileReference; lastKnownFileType = wrapper.framework; name = SystemConfiguration.framework; path = System/Library/Frameworks/SystemConfiguration.framework; sourceTree = SDKROOT; };
		DA4FD7941B79688300F05253 /* SlugRoute-Bridging-Header.h */ = {isa = PBXFileReference; fileEncoding = 4; lastKnownFileType = sourcecode.c.h; path = "SlugRoute-Bridging-Header.h"; sourceTree = "<group>"; };
		DA4FD7971B796C5C00F05253 /* GoogleMaps.framework */ = {isa = PBXFileReference; lastKnownFileType = wrapper.framework; path = GoogleMaps.framework; sourceTree = "<group>"; };
		DA4FD79B1B79702D00F05253 /* GoogleMaps.bundle */ = {isa = PBXFileReference; lastKnownFileType = "wrapper.plug-in"; name = GoogleMaps.bundle; path = SlugRoute/GoogleMaps.framework/Versions/A/Resources/GoogleMaps.bundle; sourceTree = "<group>"; };
		DA5EB4501B6CBF4700991145 /* SocialViewController.swift */ = {isa = PBXFileReference; fileEncoding = 4; lastKnownFileType = sourcecode.swift; path = SocialViewController.swift; sourceTree = "<group>"; };
		DA608BBD1B6C23F000B22EF0 /* SwiftyJSON.swift */ = {isa = PBXFileReference; fileEncoding = 4; lastKnownFileType = sourcecode.swift; name = SwiftyJSON.swift; path = ../SwiftyJSON.swift; sourceTree = "<group>"; };
		DA608BBF1B6C258600B22EF0 /* Fabric.framework */ = {isa = PBXFileReference; lastKnownFileType = wrapper.framework; path = Fabric.framework; sourceTree = SOURCE_ROOT; };
		DA608BC01B6C258600B22EF0 /* TwitterKit.framework */ = {isa = PBXFileReference; lastKnownFileType = wrapper.framework; path = TwitterKit.framework; sourceTree = SOURCE_ROOT; };
		DA608BC11B6C258600B22EF0 /* TwitterKitResources.bundle */ = {isa = PBXFileReference; lastKnownFileType = "wrapper.plug-in"; name = TwitterKitResources.bundle; path = TwitterKit.framework/Versions/A/Resources/TwitterKitResources.bundle; sourceTree = SOURCE_ROOT; };
		DA608BC21B6C258600B22EF0 /* TwitterCore.framework */ = {isa = PBXFileReference; lastKnownFileType = wrapper.framework; path = TwitterCore.framework; sourceTree = SOURCE_ROOT; };
		DA6ADB3C1B6C6E6F00BD3E8B /* TwitterLoginViewController.swift */ = {isa = PBXFileReference; fileEncoding = 4; lastKnownFileType = sourcecode.swift; path = TwitterLoginViewController.swift; sourceTree = "<group>"; };
		DA6ADB441B6C83E900BD3E8B /* InstagramLoginViewController.swift */ = {isa = PBXFileReference; fileEncoding = 4; lastKnownFileType = sourcecode.swift; path = InstagramLoginViewController.swift; sourceTree = "<group>"; };
		DA9869DF1B8458840013E199 /* InstagramPost.swift */ = {isa = PBXFileReference; fileEncoding = 4; lastKnownFileType = sourcecode.swift; path = InstagramPost.swift; sourceTree = "<group>"; };
		DA9869E11B845BF60013E199 /* InstagramTableCell.swift */ = {isa = PBXFileReference; fileEncoding = 4; lastKnownFileType = sourcecode.swift; path = InstagramTableCell.swift; sourceTree = "<group>"; };
		DA9B84EC1B7DBEDA00246191 /* TwitterSearchTimelineViewController.swift */ = {isa = PBXFileReference; fileEncoding = 4; lastKnownFileType = sourcecode.swift; path = TwitterSearchTimelineViewController.swift; sourceTree = "<group>"; };
		DAA5E4AD1B6D71390066BD56 /* SocialNavigationController.swift */ = {isa = PBXFileReference; fileEncoding = 4; lastKnownFileType = sourcecode.swift; path = SocialNavigationController.swift; sourceTree = "<group>"; };
		DAA5E4AF1B6D73320066BD56 /* TabBarController.swift */ = {isa = PBXFileReference; fileEncoding = 4; lastKnownFileType = sourcecode.swift; path = TabBarController.swift; sourceTree = "<group>"; };
/* End PBXFileReference section */

/* Begin PBXFrameworksBuildPhase section */
		B84152DA1B13CAE10075E885 /* Frameworks */ = {
			isa = PBXFrameworksBuildPhase;
			buildActionMask = 2147483647;
			files = (
				DA4CA16C1B740AE500DA6A94 /* SystemConfiguration.framework in Frameworks */,
				DA4CA16A1B740AD900DA6A94 /* QuartzCore.framework in Frameworks */,
				DA4CA1681B740ACA00DA6A94 /* OpenGLES.framework in Frameworks */,
				DA4CA1661B740ABA00DA6A94 /* libz.dylib in Frameworks */,
				DA4CA1641B740AAE00DA6A94 /* libicucore.dylib in Frameworks */,
				DA4CA1621B740A9900DA6A94 /* libc++.dylib in Frameworks */,
				DA4FD7981B796C5C00F05253 /* GoogleMaps.framework in Frameworks */,
				DA4CA1601B740A8400DA6A94 /* ImageIO.framework in Frameworks */,
				DA4CA15E1B740A7800DA6A94 /* GLKit.framework in Frameworks */,
				DA4CA15C1B740A6500DA6A94 /* CoreText.framework in Frameworks */,
				DA4CA15A1B740A5900DA6A94 /* CoreLocation.framework in Frameworks */,
				DA4CA1581B740A4600DA6A94 /* CoreData.framework in Frameworks */,
				DA4CA1561B740A3C00DA6A94 /* AVFoundation.framework in Frameworks */,
				DA608BC61B6C258600B22EF0 /* TwitterCore.framework in Frameworks */,
				64A903C20085C7B4592C5361 /* Pods.framework in Frameworks */,
				42C07D62A7DFF48856C27FF9 /* Pods_SlugRoute.framework in Frameworks */,
				DA608BC31B6C258600B22EF0 /* Fabric.framework in Frameworks */,
				DA608BC41B6C258600B22EF0 /* TwitterKit.framework in Frameworks */,
			);
			runOnlyForDeploymentPostprocessing = 0;
		};
		B84152F11B13CAE10075E885 /* Frameworks */ = {
			isa = PBXFrameworksBuildPhase;
			buildActionMask = 2147483647;
			files = (
			);
			runOnlyForDeploymentPostprocessing = 0;
		};
/* End PBXFrameworksBuildPhase section */

/* Begin PBXGroup section */
		55C4C58E0511A4886C0243F3 /* Pods */ = {
			isa = PBXGroup;
			children = (
				89E5CA7120861FEA7E143583 /* Pods.debug.xcconfig */,
				C170067B3706402C0175634A /* Pods.release.xcconfig */,
			);
			name = Pods;
			sourceTree = "<group>";
		};
		B84152D41B13CAE10075E885 = {
			isa = PBXGroup;
			children = (
				B84152DF1B13CAE10075E885 /* SlugRoute */,
				B84152F71B13CAE10075E885 /* SlugRouteTests */,
				B84152DE1B13CAE10075E885 /* Products */,
				55C4C58E0511A4886C0243F3 /* Pods */,
				C12AA22289C94F4BB48A9C51 /* Frameworks */,
			);
			sourceTree = "<group>";
		};
		B84152DE1B13CAE10075E885 /* Products */ = {
			isa = PBXGroup;
			children = (
				B84152DD1B13CAE10075E885 /* SlugRoute.app */,
				B84152F41B13CAE10075E885 /* SlugRouteTests.xctest */,
			);
			name = Products;
			sourceTree = "<group>";
		};
		B84152DF1B13CAE10075E885 /* SlugRoute */ = {
			isa = PBXGroup;
			children = (
				B84152E21B13CAE10075E885 /* AppDelegate.swift */,
				B84152E81B13CAE10075E885 /* Main.storyboard */,
				B84152EB1B13CAE10075E885 /* Images.xcassets */,
				B84152ED1B13CAE10075E885 /* LaunchScreen.xib */,
				B84152E01B13CAE10075E885 /* Supporting Files */,
				B84153041B13CE8F0075E885 /* EventsNavigationController.swift */,
				DA608BBF1B6C258600B22EF0 /* Fabric.framework */,
				DA608BC01B6C258600B22EF0 /* TwitterKit.framework */,
				DA608BC11B6C258600B22EF0 /* TwitterKitResources.bundle */,
				DA608BC21B6C258600B22EF0 /* TwitterCore.framework */,
				DA608BBD1B6C23F000B22EF0 /* SwiftyJSON.swift */,
				B84153081B13CEF40075E885 /* EventTableCell.swift */,
				DA6ADB441B6C83E900BD3E8B /* InstagramLoginViewController.swift */,
				DA4FD7971B796C5C00F05253 /* GoogleMaps.framework */,
				DA6ADB3C1B6C6E6F00BD3E8B /* TwitterLoginViewController.swift */,
				B84153061B13CEAC0075E885 /* EventsViewController.swift */,
				B841530A1B13D0690075E885 /* Event.swift */,
				DA5EB4501B6CBF4700991145 /* SocialViewController.swift */,
				DA3DF0841B92715F00E67952 /* dining_hall.png */,
				DAA5E4AD1B6D71390066BD56 /* SocialNavigationController.swift */,
				DA3DF0861B9272DD00E67952 /* cafe.png */,
				DA3DF0871B9272DE00E67952 /* classroom.png */,
				DA3DF0881B9272DE00E67952 /* computer_lab.png */,
				DA3DF0891B9272DE00E67952 /* library.png */,
				DA3DF08A1B9272DE00E67952 /* loop_bus.png */,
				DA4CA12D1B73458900DA6A94 /* MapNavigationController.swift */,
				DA4CA12F1B73462600DA6A94 /* MapViewController.swift */,
				DAA5E4AF1B6D73320066BD56 /* TabBarController.swift */,
				DA4FD7941B79688300F05253 /* SlugRoute-Bridging-Header.h */,
				DA9B84EC1B7DBEDA00246191 /* TwitterSearchTimelineViewController.swift */,
				DA9869DF1B8458840013E199 /* InstagramPost.swift */,
				DA9869E11B845BF60013E199 /* InstagramTableCell.swift */,
			);
			path = SlugRoute;
			sourceTree = "<group>";
		};
		B84152E01B13CAE10075E885 /* Supporting Files */ = {
			isa = PBXGroup;
			children = (
				B84152E11B13CAE10075E885 /* Info.plist */,
			);
			name = "Supporting Files";
			sourceTree = "<group>";
		};
		B84152F71B13CAE10075E885 /* SlugRouteTests */ = {
			isa = PBXGroup;
			children = (
				B84152FA1B13CAE10075E885 /* SlugRouteTests.swift */,
				B84152F81B13CAE10075E885 /* Supporting Files */,
			);
			path = SlugRouteTests;
			sourceTree = "<group>";
		};
		B84152F81B13CAE10075E885 /* Supporting Files */ = {
			isa = PBXGroup;
			children = (
				B84152F91B13CAE10075E885 /* Info.plist */,
			);
			name = "Supporting Files";
			sourceTree = "<group>";
		};
		C12AA22289C94F4BB48A9C51 /* Frameworks */ = {
			isa = PBXGroup;
			children = (
				DA4CA16B1B740AE500DA6A94 /* SystemConfiguration.framework */,
				DA4CA1691B740AD900DA6A94 /* QuartzCore.framework */,
				DA4CA1671B740ACA00DA6A94 /* OpenGLES.framework */,
				DA4CA1651B740ABA00DA6A94 /* libz.dylib */,
				DA4FD79B1B79702D00F05253 /* GoogleMaps.bundle */,
				DA4CA1631B740AAE00DA6A94 /* libicucore.dylib */,
				DA4CA1611B740A9900DA6A94 /* libc++.dylib */,
				DA4CA15F1B740A8400DA6A94 /* ImageIO.framework */,
				DA4CA15D1B740A7800DA6A94 /* GLKit.framework */,
				DA4CA15B1B740A6500DA6A94 /* CoreText.framework */,
				DA4CA1591B740A5900DA6A94 /* CoreLocation.framework */,
				DA4CA1571B740A4600DA6A94 /* CoreData.framework */,
				DA4CA1551B740A3C00DA6A94 /* AVFoundation.framework */,
				6C2CD37949B3FD61EB249C21 /* Pods.framework */,
				88152EAC8DA08C7A7BFC6E6D /* Pods_SlugRoute.framework */,
			);
			name = Frameworks;
			sourceTree = "<group>";
		};
/* End PBXGroup section */

/* Begin PBXNativeTarget section */
		B84152DC1B13CAE10075E885 /* SlugRoute */ = {
			isa = PBXNativeTarget;
			buildConfigurationList = B84152FE1B13CAE10075E885 /* Build configuration list for PBXNativeTarget "SlugRoute" */;
			buildPhases = (
				2F67158750078D1D756684C0 /* Check Pods Manifest.lock */,
				B84152D91B13CAE10075E885 /* Sources */,
				B84152DA1B13CAE10075E885 /* Frameworks */,
				B84152DB1B13CAE10075E885 /* Resources */,
				9C08747108E51E49B8B37A7A /* Embed Pods Frameworks */,
				A7AD377C68A5ED41137C89D7 /* Copy Pods Resources */,
				DA608BBC1B6C21B700B22EF0 /* ShellScript */,
			);
			buildRules = (
			);
			dependencies = (
			);
			name = SlugRoute;
			productName = SlugRoute;
			productReference = B84152DD1B13CAE10075E885 /* SlugRoute.app */;
			productType = "com.apple.product-type.application";
		};
		B84152F31B13CAE10075E885 /* SlugRouteTests */ = {
			isa = PBXNativeTarget;
			buildConfigurationList = B84153011B13CAE10075E885 /* Build configuration list for PBXNativeTarget "SlugRouteTests" */;
			buildPhases = (
				B84152F01B13CAE10075E885 /* Sources */,
				B84152F11B13CAE10075E885 /* Frameworks */,
				B84152F21B13CAE10075E885 /* Resources */,
			);
			buildRules = (
			);
			dependencies = (
				B84152F61B13CAE10075E885 /* PBXTargetDependency */,
			);
			name = SlugRouteTests;
			productName = SlugRouteTests;
			productReference = B84152F41B13CAE10075E885 /* SlugRouteTests.xctest */;
			productType = "com.apple.product-type.bundle.unit-test";
		};
/* End PBXNativeTarget section */

/* Begin PBXProject section */
		B84152D51B13CAE10075E885 /* Project object */ = {
			isa = PBXProject;
			attributes = {
				LastUpgradeCheck = 0630;
				ORGANIZATIONNAME = "UCSC iOS";
				TargetAttributes = {
					B84152DC1B13CAE10075E885 = {
						CreatedOnToolsVersion = 6.3.2;
					};
					B84152F31B13CAE10075E885 = {
						CreatedOnToolsVersion = 6.3.2;
						TestTargetID = B84152DC1B13CAE10075E885;
					};
				};
			};
			buildConfigurationList = B84152D81B13CAE10075E885 /* Build configuration list for PBXProject "SlugRoute" */;
			compatibilityVersion = "Xcode 3.2";
			developmentRegion = English;
			hasScannedForEncodings = 0;
			knownRegions = (
				en,
				Base,
			);
			mainGroup = B84152D41B13CAE10075E885;
			productRefGroup = B84152DE1B13CAE10075E885 /* Products */;
			projectDirPath = "";
			projectRoot = "";
			targets = (
				B84152DC1B13CAE10075E885 /* SlugRoute */,
				B84152F31B13CAE10075E885 /* SlugRouteTests */,
			);
		};
/* End PBXProject section */

/* Begin PBXResourcesBuildPhase section */
		B84152DB1B13CAE10075E885 /* Resources */ = {
			isa = PBXResourcesBuildPhase;
			buildActionMask = 2147483647;
			files = (
				DA3DF08D1B9272DE00E67952 /* computer_lab.png in Resources */,
				DA3DF08E1B9272DE00E67952 /* library.png in Resources */,
				DA3DF08F1B9272DE00E67952 /* loop_bus.png in Resources */,
				DA0295221B7F333A0018FF48 /* Main.storyboard in Resources */,
				DA608BC51B6C258600B22EF0 /* TwitterKitResources.bundle in Resources */,
				DA3DF08C1B9272DE00E67952 /* classroom.png in Resources */,
				DA3DF08B1B9272DE00E67952 /* cafe.png in Resources */,
				B84152EC1B13CAE10075E885 /* Images.xcassets in Resources */,
				DA3DF0851B92715F00E67952 /* dining_hall.png in Resources */,
				DA4FD79C1B79702D00F05253 /* GoogleMaps.bundle in Resources */,
			);
			runOnlyForDeploymentPostprocessing = 0;
		};
		B84152F21B13CAE10075E885 /* Resources */ = {
			isa = PBXResourcesBuildPhase;
			buildActionMask = 2147483647;
			files = (
			);
			runOnlyForDeploymentPostprocessing = 0;
		};
/* End PBXResourcesBuildPhase section */

/* Begin PBXShellScriptBuildPhase section */
		2F67158750078D1D756684C0 /* Check Pods Manifest.lock */ = {
			isa = PBXShellScriptBuildPhase;
			buildActionMask = 2147483647;
			files = (
			);
			inputPaths = (
			);
			name = "Check Pods Manifest.lock";
			outputPaths = (
			);
			runOnlyForDeploymentPostprocessing = 0;
			shellPath = /bin/sh;
			shellScript = "diff \"${PODS_ROOT}/../Podfile.lock\" \"${PODS_ROOT}/Manifest.lock\" > /dev/null\nif [[ $? != 0 ]] ; then\n    cat << EOM\nerror: The sandbox is not in sync with the Podfile.lock. Run 'pod install' or update your CocoaPods installation.\nEOM\n    exit 1\nfi\n";
			showEnvVarsInLog = 0;
		};
		9C08747108E51E49B8B37A7A /* Embed Pods Frameworks */ = {
			isa = PBXShellScriptBuildPhase;
			buildActionMask = 2147483647;
			files = (
			);
			inputPaths = (
			);
			name = "Embed Pods Frameworks";
			outputPaths = (
			);
			runOnlyForDeploymentPostprocessing = 0;
			shellPath = /bin/sh;
			shellScript = "\"${SRCROOT}/Pods/Target Support Files/Pods-SlugRoute/Pods-SlugRoute-frameworks.sh\"\n";
			showEnvVarsInLog = 0;
		};
		A7AD377C68A5ED41137C89D7 /* Copy Pods Resources */ = {
			isa = PBXShellScriptBuildPhase;
			buildActionMask = 2147483647;
			files = (
			);
			inputPaths = (
			);
			name = "Copy Pods Resources";
			outputPaths = (
			);
			runOnlyForDeploymentPostprocessing = 0;
			shellPath = /bin/sh;
			shellScript = "\"${SRCROOT}/Pods/Target Support Files/Pods-SlugRoute/Pods-SlugRoute-resources.sh\"\n";
			showEnvVarsInLog = 0;
		};
		DA608BBC1B6C21B700B22EF0 /* ShellScript */ = {
			isa = PBXShellScriptBuildPhase;
			buildActionMask = 2147483647;
			files = (
			);
			inputPaths = (
			);
			outputPaths = (
			);
			runOnlyForDeploymentPostprocessing = 0;
			shellPath = "./Fabric.framework/run 63391998690fb9d6e4af2b19b69e7dc4434c4446 6b82a40b54a7da441b81dc62881a5ffc2935949f574fa539f20e7bbfa258c7e7";
			shellScript = "";
		};
/* End PBXShellScriptBuildPhase section */

/* Begin PBXSourcesBuildPhase section */
		B84152D91B13CAE10075E885 /* Sources */ = {
			isa = PBXSourcesBuildPhase;
			buildActionMask = 2147483647;
			files = (
				DAA5E4AE1B6D71390066BD56 /* SocialNavigationController.swift in Sources */,
				DA9869E21B845BF60013E199 /* InstagramTableCell.swift in Sources */,
				B84153051B13CE8F0075E885 /* EventsNavigationController.swift in Sources */,
				DA4CA12E1B73458900DA6A94 /* MapNavigationController.swift in Sources */,
				DAA5E4B01B6D73320066BD56 /* TabBarController.swift in Sources */,
				B84153091B13CEF40075E885 /* EventTableCell.swift in Sources */,
				B84152E31B13CAE10075E885 /* AppDelegate.swift in Sources */,
				DA4CA1301B73462600DA6A94 /* MapViewController.swift in Sources */,
				DA6ADB3D1B6C6E6F00BD3E8B /* TwitterLoginViewController.swift in Sources */,
				DA608BBE1B6C23F000B22EF0 /* SwiftyJSON.swift in Sources */,
				B84153071B13CEAC0075E885 /* EventsViewController.swift in Sources */,
				DA5EB4511B6CBF4700991145 /* SocialViewController.swift in Sources */,
				DA6ADB451B6C83E900BD3E8B /* InstagramLoginViewController.swift in Sources */,
				B841530B1B13D0690075E885 /* Event.swift in Sources */,
				DA9869E01B8458840013E199 /* InstagramPost.swift in Sources */,
				DA9B84ED1B7DBEDA00246191 /* TwitterSearchTimelineViewController.swift in Sources */,
			);
			runOnlyForDeploymentPostprocessing = 0;
		};
		B84152F01B13CAE10075E885 /* Sources */ = {
			isa = PBXSourcesBuildPhase;
			buildActionMask = 2147483647;
			files = (
				B84152FB1B13CAE10075E885 /* SlugRouteTests.swift in Sources */,
			);
			runOnlyForDeploymentPostprocessing = 0;
		};
/* End PBXSourcesBuildPhase section */

/* Begin PBXTargetDependency section */
		B84152F61B13CAE10075E885 /* PBXTargetDependency */ = {
			isa = PBXTargetDependency;
			target = B84152DC1B13CAE10075E885 /* SlugRoute */;
			targetProxy = B84152F51B13CAE10075E885 /* PBXContainerItemProxy */;
		};
/* End PBXTargetDependency section */

/* Begin PBXVariantGroup section */
		B84152E81B13CAE10075E885 /* Main.storyboard */ = {
			isa = PBXVariantGroup;
			children = (
				B84152E91B13CAE10075E885 /* Base */,
			);
			name = Main.storyboard;
			sourceTree = "<group>";
		};
		B84152ED1B13CAE10075E885 /* LaunchScreen.xib */ = {
			isa = PBXVariantGroup;
			children = (
				B84152EE1B13CAE10075E885 /* Base */,
			);
			name = LaunchScreen.xib;
			sourceTree = "<group>";
		};
/* End PBXVariantGroup section */

/* Begin XCBuildConfiguration section */
		B841530C1B13D37F0075E885 /* Release */ = {
			isa = XCBuildConfiguration;
			buildSettings = {
				ALWAYS_SEARCH_USER_PATHS = NO;
				CLANG_CXX_LANGUAGE_STANDARD = "gnu++0x";
				CLANG_CXX_LIBRARY = "libc++";
				CLANG_ENABLE_MODULES = YES;
				CLANG_ENABLE_OBJC_ARC = YES;
				CLANG_WARN_BOOL_CONVERSION = YES;
				CLANG_WARN_CONSTANT_CONVERSION = YES;
				CLANG_WARN_DIRECT_OBJC_ISA_USAGE = YES_ERROR;
				CLANG_WARN_EMPTY_BODY = YES;
				CLANG_WARN_ENUM_CONVERSION = YES;
				CLANG_WARN_INT_CONVERSION = YES;
				CLANG_WARN_OBJC_ROOT_CLASS = YES_ERROR;
				CLANG_WARN_UNREACHABLE_CODE = YES;
				CLANG_WARN__DUPLICATE_METHOD_MATCH = YES;
				"CODE_SIGN_IDENTITY[sdk=iphoneos*]" = "iPhone Developer";
				COPY_PHASE_STRIP = NO;
				DEBUG_INFORMATION_FORMAT = "dwarf-with-dsym";
				ENABLE_STRICT_OBJC_MSGSEND = YES;
				GCC_C_LANGUAGE_STANDARD = gnu99;
				GCC_DYNAMIC_NO_PIC = NO;
				GCC_NO_COMMON_BLOCKS = YES;
				GCC_OPTIMIZATION_LEVEL = 0;
				GCC_PREPROCESSOR_DEFINITIONS = (
					"DEBUG=1",
					"$(inherited)",
				);
				GCC_SYMBOLS_PRIVATE_EXTERN = NO;
				GCC_WARN_64_TO_32_BIT_CONVERSION = YES;
				GCC_WARN_ABOUT_RETURN_TYPE = YES_ERROR;
				GCC_WARN_UNDECLARED_SELECTOR = YES;
				GCC_WARN_UNINITIALIZED_AUTOS = YES_AGGRESSIVE;
				GCC_WARN_UNUSED_FUNCTION = YES;
				GCC_WARN_UNUSED_VARIABLE = YES;
				IPHONEOS_DEPLOYMENT_TARGET = 8.3;
				MTL_ENABLE_DEBUG_INFO = YES;
				ONLY_ACTIVE_ARCH = YES;
				SDKROOT = iphoneos;
				SWIFT_OBJC_BRIDGING_HEADER = "";
				SWIFT_OPTIMIZATION_LEVEL = "-Onone";
				TARGETED_DEVICE_FAMILY = "1,2";
				null = "";
			};
			name = Release;
		};
		B841530D1B13D37F0075E885 /* Release */ = {
			isa = XCBuildConfiguration;
			baseConfigurationReference = C170067B3706402C0175634A /* Pods.release.xcconfig */;
			buildSettings = {
				ASSETCATALOG_COMPILER_APPICON_NAME = AppIcon;
				FRAMEWORK_SEARCH_PATHS = (
					"$(inherited)",
					"$(PROJECT_DIR)",
					"$(PROJECT_DIR)/SlugRoute",
					"$(PROJECT_DIR)/SlugRoute/GoogleMaps.framework/Versions",
				);
				INFOPLIST_FILE = SlugRoute/Info.plist;
				LD_RUNPATH_SEARCH_PATHS = "$(inherited) @executable_path/Frameworks";
				OTHER_LDFLAGS = (
					"$(inherited)",
					"-framework",
					"\"Alamofire\"",
					"-ObjC",
				);
				PRODUCT_NAME = "$(TARGET_NAME)";
				SWIFT_OBJC_BRIDGING_HEADER = "$(SRCROOT)/SlugRoute/SlugRoute-Bridging-Header.h";
			};
			name = Release;
		};
		B841530E1B13D37F0075E885 /* Release */ = {
			isa = XCBuildConfiguration;
			buildSettings = {
				BUNDLE_LOADER = "$(TEST_HOST)";
				FRAMEWORK_SEARCH_PATHS = (
					"$(SDKROOT)/Developer/Library/Frameworks",
					"$(inherited)",
				);
				GCC_PREPROCESSOR_DEFINITIONS = (
					"DEBUG=1",
					"$(inherited)",
				);
				INFOPLIST_FILE = SlugRouteTests/Info.plist;
				LD_RUNPATH_SEARCH_PATHS = "$(inherited) @executable_path/Frameworks @loader_path/Frameworks";
				PRODUCT_NAME = "$(TARGET_NAME)";
				SWIFT_OBJC_BRIDGING_HEADER = "";
				TEST_HOST = "$(BUILT_PRODUCTS_DIR)/SlugRoute.app/SlugRoute";
			};
			name = Release;
		};
		DA4CA14C1B7357BF00DA6A94 /* Debug */ = {
			isa = XCBuildConfiguration;
			buildSettings = {
				ALWAYS_SEARCH_USER_PATHS = NO;
				CLANG_CXX_LANGUAGE_STANDARD = "gnu++0x";
				CLANG_CXX_LIBRARY = "libc++";
				CLANG_ENABLE_MODULES = YES;
				CLANG_ENABLE_OBJC_ARC = YES;
				CLANG_WARN_BOOL_CONVERSION = YES;
				CLANG_WARN_CONSTANT_CONVERSION = YES;
				CLANG_WARN_DIRECT_OBJC_ISA_USAGE = YES_ERROR;
				CLANG_WARN_EMPTY_BODY = YES;
				CLANG_WARN_ENUM_CONVERSION = YES;
				CLANG_WARN_INT_CONVERSION = YES;
				CLANG_WARN_OBJC_ROOT_CLASS = YES_ERROR;
				CLANG_WARN_UNREACHABLE_CODE = YES;
				CLANG_WARN__DUPLICATE_METHOD_MATCH = YES;
				"CODE_SIGN_IDENTITY[sdk=iphoneos*]" = "iPhone Developer";
				COPY_PHASE_STRIP = NO;
				DEBUG_INFORMATION_FORMAT = "dwarf-with-dsym";
				ENABLE_STRICT_OBJC_MSGSEND = YES;
				GCC_C_LANGUAGE_STANDARD = gnu99;
				GCC_DYNAMIC_NO_PIC = NO;
				GCC_NO_COMMON_BLOCKS = YES;
				GCC_OPTIMIZATION_LEVEL = 0;
				GCC_PREPROCESSOR_DEFINITIONS = (
					"DEBUG=1",
					"$(inherited)",
				);
				GCC_SYMBOLS_PRIVATE_EXTERN = NO;
				GCC_WARN_64_TO_32_BIT_CONVERSION = YES;
				GCC_WARN_ABOUT_RETURN_TYPE = YES_ERROR;
				GCC_WARN_UNDECLARED_SELECTOR = YES;
				GCC_WARN_UNINITIALIZED_AUTOS = YES_AGGRESSIVE;
				GCC_WARN_UNUSED_FUNCTION = YES;
				GCC_WARN_UNUSED_VARIABLE = YES;
				IPHONEOS_DEPLOYMENT_TARGET = 8.3;
				MTL_ENABLE_DEBUG_INFO = YES;
				ONLY_ACTIVE_ARCH = YES;
				SDKROOT = iphoneos;
				SWIFT_OBJC_BRIDGING_HEADER = "";
				SWIFT_OPTIMIZATION_LEVEL = "-Onone";
				TARGETED_DEVICE_FAMILY = "1,2";
				null = "";
			};
			name = Debug;
		};
		DA4CA14D1B7357BF00DA6A94 /* Debug */ = {
			isa = XCBuildConfiguration;
			baseConfigurationReference = 89E5CA7120861FEA7E143583 /* Pods.debug.xcconfig */;
			buildSettings = {
				ASSETCATALOG_COMPILER_APPICON_NAME = AppIcon;
				FRAMEWORK_SEARCH_PATHS = (
					"$(inherited)",
					"$(PROJECT_DIR)",
					"$(PROJECT_DIR)/SlugRoute",
					"$(PROJECT_DIR)/SlugRoute/GoogleMaps.framework/Versions",
				);
				INFOPLIST_FILE = SlugRoute/Info.plist;
				LD_RUNPATH_SEARCH_PATHS = "$(inherited) @executable_path/Frameworks";
				OTHER_LDFLAGS = (
					"$(inherited)",
					"-framework",
					"\"Alamofire\"",
					"-ObjC",
				);
				PRODUCT_NAME = "$(TARGET_NAME)";
				SWIFT_OBJC_BRIDGING_HEADER = "$(SRCROOT)/SlugRoute/SlugRoute-Bridging-Header.h";
			};
			name = Debug;
		};
		DA4CA14E1B7357BF00DA6A94 /* Debug */ = {
			isa = XCBuildConfiguration;
			buildSettings = {
				BUNDLE_LOADER = "$(TEST_HOST)";
				FRAMEWORK_SEARCH_PATHS = (
					"$(SDKROOT)/Developer/Library/Frameworks",
					"$(inherited)",
				);
				GCC_PREPROCESSOR_DEFINITIONS = (
					"DEBUG=1",
					"$(inherited)",
				);
				INFOPLIST_FILE = SlugRouteTests/Info.plist;
				LD_RUNPATH_SEARCH_PATHS = "$(inherited) @executable_path/Frameworks @loader_path/Frameworks";
				PRODUCT_NAME = "$(TARGET_NAME)";
				SWIFT_OBJC_BRIDGING_HEADER = "";
				TEST_HOST = "$(BUILT_PRODUCTS_DIR)/SlugRoute.app/SlugRoute";
			};
			name = Debug;
		};
/* End XCBuildConfiguration section */

/* Begin XCConfigurationList section */
		B84152D81B13CAE10075E885 /* Build configuration list for PBXProject "SlugRoute" */ = {
			isa = XCConfigurationList;
			buildConfigurations = (
				B841530C1B13D37F0075E885 /* Release */,
				DA4CA14C1B7357BF00DA6A94 /* Debug */,
			);
			defaultConfigurationIsVisible = 0;
			defaultConfigurationName = Release;
		};
		B84152FE1B13CAE10075E885 /* Build configuration list for PBXNativeTarget "SlugRoute" */ = {
			isa = XCConfigurationList;
			buildConfigurations = (
				B841530D1B13D37F0075E885 /* Release */,
				DA4CA14D1B7357BF00DA6A94 /* Debug */,
			);
			defaultConfigurationIsVisible = 0;
			defaultConfigurationName = Release;
		};
		B84153011B13CAE10075E885 /* Build configuration list for PBXNativeTarget "SlugRouteTests" */ = {
			isa = XCConfigurationList;
			buildConfigurations = (
				B841530E1B13D37F0075E885 /* Release */,
				DA4CA14E1B7357BF00DA6A94 /* Debug */,
			);
			defaultConfigurationIsVisible = 0;
			defaultConfigurationName = Release;
		};
/* End XCConfigurationList section */
	};
	rootObject = B84152D51B13CAE10075E885 /* Project object */;
}
